// !$*UTF8*$!
{
	archiveVersion = 1;
	classes = {
	};
	objectVersion = 48;
	objects = {

/* Begin PBXBuildFile section */
		75068A8D1FA7A302006E44F5 /* AddCardVC.swift in Sources */ = {isa = PBXBuildFile; fileRef = 75068A8C1FA7A302006E44F5 /* AddCardVC.swift */; };
		75068A941FA7E576006E44F5 /* Card.swift in Sources */ = {isa = PBXBuildFile; fileRef = 75068A921FA7E576006E44F5 /* Card.swift */; };
		750AB05F1FA3CE8600763DCB /* Info.plist in Resources */ = {isa = PBXBuildFile; fileRef = 750AB05E1FA3CE8600763DCB /* Info.plist */; };
		7557FC2C1FA69126003B7634 /* LoginViewController.swift in Sources */ = {isa = PBXBuildFile; fileRef = 7557FC2B1FA69126003B7634 /* LoginViewController.swift */; };
		758A710B1FA3A07700A6678E /* CardViewController.swift in Sources */ = {isa = PBXBuildFile; fileRef = 758A710A1FA3A07700A6678E /* CardViewController.swift */; };
		758F8AC81FA390CE00E04649 /* AppDelegate.swift in Sources */ = {isa = PBXBuildFile; fileRef = 758F8AC71FA390CE00E04649 /* AppDelegate.swift */; };
		758F8ACD1FA390CE00E04649 /* Main.storyboard in Resources */ = {isa = PBXBuildFile; fileRef = 758F8ACB1FA390CE00E04649 /* Main.storyboard */; };
		758F8AD01FA390CE00E04649 /* MyCardBook.xcdatamodeld in Sources */ = {isa = PBXBuildFile; fileRef = 758F8ACE1FA390CE00E04649 /* MyCardBook.xcdatamodeld */; };
		758F8AD21FA390CE00E04649 /* Assets.xcassets in Resources */ = {isa = PBXBuildFile; fileRef = 758F8AD11FA390CE00E04649 /* Assets.xcassets */; };
		758F8AD51FA390CE00E04649 /* LaunchScreen.storyboard in Resources */ = {isa = PBXBuildFile; fileRef = 758F8AD31FA390CE00E04649 /* LaunchScreen.storyboard */; };
		758F8AE01FA390CE00E04649 /* MyCardBookTests.swift in Sources */ = {isa = PBXBuildFile; fileRef = 758F8ADF1FA390CE00E04649 /* MyCardBookTests.swift */; };
		758F8AEB1FA390CE00E04649 /* MyCardBookUITests.swift in Sources */ = {isa = PBXBuildFile; fileRef = 758F8AEA1FA390CE00E04649 /* MyCardBookUITests.swift */; };
		758F8AFD1FA39CAF00E04649 /* CardTableViewCell.swift in Sources */ = {isa = PBXBuildFile; fileRef = 758F8AFC1FA39CAF00E04649 /* CardTableViewCell.swift */; };
/* End PBXBuildFile section */

/* Begin PBXContainerItemProxy section */
		758F8ADC1FA390CE00E04649 /* PBXContainerItemProxy */ = {
			isa = PBXContainerItemProxy;
			containerPortal = 758F8ABC1FA390CE00E04649 /* Project object */;
			proxyType = 1;
			remoteGlobalIDString = 758F8AC31FA390CE00E04649;
			remoteInfo = MyCardBook;
		};
		758F8AE71FA390CE00E04649 /* PBXContainerItemProxy */ = {
			isa = PBXContainerItemProxy;
			containerPortal = 758F8ABC1FA390CE00E04649 /* Project object */;
			proxyType = 1;
			remoteGlobalIDString = 758F8AC31FA390CE00E04649;
			remoteInfo = MyCardBook;
		};
/* End PBXContainerItemProxy section */

/* Begin PBXFileReference section */
		75068A8C1FA7A302006E44F5 /* AddCardVC.swift */ = {isa = PBXFileReference; lastKnownFileType = sourcecode.swift; path = AddCardVC.swift; sourceTree = "<group>"; };
		75068A921FA7E576006E44F5 /* Card.swift */ = {isa = PBXFileReference; lastKnownFileType = sourcecode.swift; path = Card.swift; sourceTree = "<group>"; };
		750AB05E1FA3CE8600763DCB /* Info.plist */ = {isa = PBXFileReference; fileEncoding = 4; lastKnownFileType = text.plist.xml; name = Info.plist; path = MyCardBook/Info.plist; sourceTree = SOURCE_ROOT; };
		7557FC2B1FA69126003B7634 /* LoginViewController.swift */ = {isa = PBXFileReference; lastKnownFileType = sourcecode.swift; path = LoginViewController.swift; sourceTree = "<group>"; };
		758A710A1FA3A07700A6678E /* CardViewController.swift */ = {isa = PBXFileReference; lastKnownFileType = sourcecode.swift; path = CardViewController.swift; sourceTree = "<group>"; };
		758F8AC41FA390CE00E04649 /* MyCardBook.app */ = {isa = PBXFileReference; explicitFileType = wrapper.application; includeInIndex = 0; path = MyCardBook.app; sourceTree = BUILT_PRODUCTS_DIR; };
		758F8AC71FA390CE00E04649 /* AppDelegate.swift */ = {isa = PBXFileReference; lastKnownFileType = sourcecode.swift; path = AppDelegate.swift; sourceTree = "<group>"; };
		758F8ACC1FA390CE00E04649 /* Base */ = {isa = PBXFileReference; lastKnownFileType = file.storyboard; name = Base; path = Base.lproj/Main.storyboard; sourceTree = "<group>"; };
		758F8ACF1FA390CE00E04649 /* MyCardBook.xcdatamodel */ = {isa = PBXFileReference; lastKnownFileType = wrapper.xcdatamodel; path = MyCardBook.xcdatamodel; sourceTree = "<group>"; };
		758F8AD11FA390CE00E04649 /* Assets.xcassets */ = {isa = PBXFileReference; lastKnownFileType = folder.assetcatalog; path = Assets.xcassets; sourceTree = "<group>"; };
		758F8AD41FA390CE00E04649 /* Base */ = {isa = PBXFileReference; lastKnownFileType = file.storyboard; name = Base; path = Base.lproj/LaunchScreen.storyboard; sourceTree = "<group>"; };
		758F8ADB1FA390CE00E04649 /* MyCardBookTests.xctest */ = {isa = PBXFileReference; explicitFileType = wrapper.cfbundle; includeInIndex = 0; path = MyCardBookTests.xctest; sourceTree = BUILT_PRODUCTS_DIR; };
		758F8ADF1FA390CE00E04649 /* MyCardBookTests.swift */ = {isa = PBXFileReference; lastKnownFileType = sourcecode.swift; path = MyCardBookTests.swift; sourceTree = "<group>"; };
		758F8AE11FA390CE00E04649 /* Info.plist */ = {isa = PBXFileReference; lastKnownFileType = text.plist.xml; path = Info.plist; sourceTree = "<group>"; };
		758F8AE61FA390CE00E04649 /* MyCardBookUITests.xctest */ = {isa = PBXFileReference; explicitFileType = wrapper.cfbundle; includeInIndex = 0; path = MyCardBookUITests.xctest; sourceTree = BUILT_PRODUCTS_DIR; };
		758F8AEA1FA390CE00E04649 /* MyCardBookUITests.swift */ = {isa = PBXFileReference; lastKnownFileType = sourcecode.swift; path = MyCardBookUITests.swift; sourceTree = "<group>"; };
		758F8AEC1FA390CE00E04649 /* Info.plist */ = {isa = PBXFileReference; lastKnownFileType = text.plist.xml; path = Info.plist; sourceTree = "<group>"; };
		758F8AFC1FA39CAF00E04649 /* CardTableViewCell.swift */ = {isa = PBXFileReference; lastKnownFileType = sourcecode.swift; path = CardTableViewCell.swift; sourceTree = "<group>"; };
/* End PBXFileReference section */

/* Begin PBXFrameworksBuildPhase section */
		758F8AC11FA390CE00E04649 /* Frameworks */ = {
			isa = PBXFrameworksBuildPhase;
			buildActionMask = 2147483647;
			files = (
			);
			runOnlyForDeploymentPostprocessing = 0;
		};
		758F8AD81FA390CE00E04649 /* Frameworks */ = {
			isa = PBXFrameworksBuildPhase;
			buildActionMask = 2147483647;
			files = (
			);
			runOnlyForDeploymentPostprocessing = 0;
		};
		758F8AE31FA390CE00E04649 /* Frameworks */ = {
			isa = PBXFrameworksBuildPhase;
			buildActionMask = 2147483647;
			files = (
			);
			runOnlyForDeploymentPostprocessing = 0;
		};
/* End PBXFrameworksBuildPhase section */

/* Begin PBXGroup section */
		758F8ABB1FA390CE00E04649 = {
			isa = PBXGroup;
			children = (
				75068A921FA7E576006E44F5 /* Card.swift */,
				758F8AC61FA390CE00E04649 /* MyCardBook */,
				758F8ADE1FA390CE00E04649 /* MyCardBookTests */,
				758F8AE91FA390CE00E04649 /* MyCardBookUITests */,
				758F8AC51FA390CE00E04649 /* Products */,
			);
			sourceTree = "<group>";
		};
		758F8AC51FA390CE00E04649 /* Products */ = {
			isa = PBXGroup;
			children = (
				758F8AC41FA390CE00E04649 /* MyCardBook.app */,
				758F8ADB1FA390CE00E04649 /* MyCardBookTests.xctest */,
				758F8AE61FA390CE00E04649 /* MyCardBookUITests.xctest */,
			);
			name = Products;
			sourceTree = "<group>";
		};
		758F8AC61FA390CE00E04649 /* MyCardBook */ = {
			isa = PBXGroup;
			children = (
				758F8AF81FA390D700E04649 /* Controllers */,
				758F8AFA1FA3911E00E04649 /* Storyboard */,
				758F8AFB1FA3914200E04649 /* CoreData */,
				758F8AF91FA390F100E04649 /* Supporting Files */,
			);
			path = MyCardBook;
			sourceTree = "<group>";
		};
		758F8ADE1FA390CE00E04649 /* MyCardBookTests */ = {
			isa = PBXGroup;
			children = (
				758F8ADF1FA390CE00E04649 /* MyCardBookTests.swift */,
				758F8AE11FA390CE00E04649 /* Info.plist */,
			);
			path = MyCardBookTests;
			sourceTree = "<group>";
		};
		758F8AE91FA390CE00E04649 /* MyCardBookUITests */ = {
			isa = PBXGroup;
			children = (
				758F8AEA1FA390CE00E04649 /* MyCardBookUITests.swift */,
				758F8AEC1FA390CE00E04649 /* Info.plist */,
			);
			path = MyCardBookUITests;
			sourceTree = "<group>";
		};
		758F8AF81FA390D700E04649 /* Controllers */ = {
			isa = PBXGroup;
			children = (
				7557FC2B1FA69126003B7634 /* LoginViewController.swift */,
				758A710A1FA3A07700A6678E /* CardViewController.swift */,
				75068A8C1FA7A302006E44F5 /* AddCardVC.swift */,
				758F8AFC1FA39CAF00E04649 /* CardTableViewCell.swift */,
			);
			path = Controllers;
			sourceTree = "<group>";
		};
		758F8AF91FA390F100E04649 /* Supporting Files */ = {
			isa = PBXGroup;
			children = (
				758F8AC71FA390CE00E04649 /* AppDelegate.swift */,
				758F8AD11FA390CE00E04649 /* Assets.xcassets */,
				750AB05E1FA3CE8600763DCB /* Info.plist */,
			);
			path = "Supporting Files";
			sourceTree = "<group>";
		};
		758F8AFA1FA3911E00E04649 /* Storyboard */ = {
			isa = PBXGroup;
			children = (
				758F8ACB1FA390CE00E04649 /* Main.storyboard */,
				758F8AD31FA390CE00E04649 /* LaunchScreen.storyboard */,
			);
			path = Storyboard;
			sourceTree = "<group>";
		};
		758F8AFB1FA3914200E04649 /* CoreData */ = {
			isa = PBXGroup;
			children = (
				758F8ACE1FA390CE00E04649 /* MyCardBook.xcdatamodeld */,
			);
			path = CoreData;
			sourceTree = "<group>";
		};
/* End PBXGroup section */

/* Begin PBXNativeTarget section */
		758F8AC31FA390CE00E04649 /* MyCardBook */ = {
			isa = PBXNativeTarget;
			buildConfigurationList = 758F8AEF1FA390CE00E04649 /* Build configuration list for PBXNativeTarget "MyCardBook" */;
			buildPhases = (
				758F8AC01FA390CE00E04649 /* Sources */,
				758F8AC11FA390CE00E04649 /* Frameworks */,
				758F8AC21FA390CE00E04649 /* Resources */,
			);
			buildRules = (
			);
			dependencies = (
			);
			name = MyCardBook;
			productName = MyCardBook;
			productReference = 758F8AC41FA390CE00E04649 /* MyCardBook.app */;
			productType = "com.apple.product-type.application";
		};
		758F8ADA1FA390CE00E04649 /* MyCardBookTests */ = {
			isa = PBXNativeTarget;
			buildConfigurationList = 758F8AF21FA390CE00E04649 /* Build configuration list for PBXNativeTarget "MyCardBookTests" */;
			buildPhases = (
				758F8AD71FA390CE00E04649 /* Sources */,
				758F8AD81FA390CE00E04649 /* Frameworks */,
				758F8AD91FA390CE00E04649 /* Resources */,
			);
			buildRules = (
			);
			dependencies = (
				758F8ADD1FA390CE00E04649 /* PBXTargetDependency */,
			);
			name = MyCardBookTests;
			productName = MyCardBookTests;
			productReference = 758F8ADB1FA390CE00E04649 /* MyCardBookTests.xctest */;
			productType = "com.apple.product-type.bundle.unit-test";
		};
		758F8AE51FA390CE00E04649 /* MyCardBookUITests */ = {
			isa = PBXNativeTarget;
			buildConfigurationList = 758F8AF51FA390CE00E04649 /* Build configuration list for PBXNativeTarget "MyCardBookUITests" */;
			buildPhases = (
				758F8AE21FA390CE00E04649 /* Sources */,
				758F8AE31FA390CE00E04649 /* Frameworks */,
				758F8AE41FA390CE00E04649 /* Resources */,
			);
			buildRules = (
			);
			dependencies = (
				758F8AE81FA390CE00E04649 /* PBXTargetDependency */,
			);
			name = MyCardBookUITests;
			productName = MyCardBookUITests;
			productReference = 758F8AE61FA390CE00E04649 /* MyCardBookUITests.xctest */;
			productType = "com.apple.product-type.bundle.ui-testing";
		};
/* End PBXNativeTarget section */

/* Begin PBXProject section */
		758F8ABC1FA390CE00E04649 /* Project object */ = {
			isa = PBXProject;
			attributes = {
				LastSwiftUpdateCheck = 0900;
				LastUpgradeCheck = 0900;
				ORGANIZATIONNAME = "Yurii Vients";
				TargetAttributes = {
					758F8AC31FA390CE00E04649 = {
						CreatedOnToolsVersion = 9.0.1;
						ProvisioningStyle = Automatic;
					};
					758F8ADA1FA390CE00E04649 = {
						CreatedOnToolsVersion = 9.0.1;
						ProvisioningStyle = Automatic;
						TestTargetID = 758F8AC31FA390CE00E04649;
					};
					758F8AE51FA390CE00E04649 = {
						CreatedOnToolsVersion = 9.0.1;
						ProvisioningStyle = Automatic;
						TestTargetID = 758F8AC31FA390CE00E04649;
					};
				};
			};
			buildConfigurationList = 758F8ABF1FA390CE00E04649 /* Build configuration list for PBXProject "MyCardBook" */;
			compatibilityVersion = "Xcode 8.0";
			developmentRegion = en;
			hasScannedForEncodings = 0;
			knownRegions = (
				en,
				Base,
			);
			mainGroup = 758F8ABB1FA390CE00E04649;
			productRefGroup = 758F8AC51FA390CE00E04649 /* Products */;
			projectDirPath = "";
			projectRoot = "";
			targets = (
				758F8AC31FA390CE00E04649 /* MyCardBook */,
				758F8ADA1FA390CE00E04649 /* MyCardBookTests */,
				758F8AE51FA390CE00E04649 /* MyCardBookUITests */,
			);
		};
/* End PBXProject section */

/* Begin PBXResourcesBuildPhase section */
		758F8AC21FA390CE00E04649 /* Resources */ = {
			isa = PBXResourcesBuildPhase;
			buildActionMask = 2147483647;
			files = (
				750AB05F1FA3CE8600763DCB /* Info.plist in Resources */,
				758F8AD51FA390CE00E04649 /* LaunchScreen.storyboard in Resources */,
				758F8AD21FA390CE00E04649 /* Assets.xcassets in Resources */,
				758F8ACD1FA390CE00E04649 /* Main.storyboard in Resources */,
			);
			runOnlyForDeploymentPostprocessing = 0;
		};
		758F8AD91FA390CE00E04649 /* Resources */ = {
			isa = PBXResourcesBuildPhase;
			buildActionMask = 2147483647;
			files = (
			);
			runOnlyForDeploymentPostprocessing = 0;
		};
		758F8AE41FA390CE00E04649 /* Resources */ = {
			isa = PBXResourcesBuildPhase;
			buildActionMask = 2147483647;
			files = (
			);
			runOnlyForDeploymentPostprocessing = 0;
		};
/* End PBXResourcesBuildPhase section */

/* Begin PBXSourcesBuildPhase section */
		758F8AC01FA390CE00E04649 /* Sources */ = {
			isa = PBXSourcesBuildPhase;
			buildActionMask = 2147483647;
			files = (
				75068A941FA7E576006E44F5 /* Card.swift in Sources */,
				758A710B1FA3A07700A6678E /* CardViewController.swift in Sources */,
				758F8AD01FA390CE00E04649 /* MyCardBook.xcdatamodeld in Sources */,
				758F8AC81FA390CE00E04649 /* AppDelegate.swift in Sources */,
				75068A8D1FA7A302006E44F5 /* AddCardVC.swift in Sources */,
				7557FC2C1FA69126003B7634 /* LoginViewController.swift in Sources */,
				758F8AFD1FA39CAF00E04649 /* CardTableViewCell.swift in Sources */,
			);
			runOnlyForDeploymentPostprocessing = 0;
		};
		758F8AD71FA390CE00E04649 /* Sources */ = {
			isa = PBXSourcesBuildPhase;
			buildActionMask = 2147483647;
			files = (
				758F8AE01FA390CE00E04649 /* MyCardBookTests.swift in Sources */,
			);
			runOnlyForDeploymentPostprocessing = 0;
		};
		758F8AE21FA390CE00E04649 /* Sources */ = {
			isa = PBXSourcesBuildPhase;
			buildActionMask = 2147483647;
			files = (
				758F8AEB1FA390CE00E04649 /* MyCardBookUITests.swift in Sources */,
			);
			runOnlyForDeploymentPostprocessing = 0;
		};
/* End PBXSourcesBuildPhase section */

/* Begin PBXTargetDependency section */
		758F8ADD1FA390CE00E04649 /* PBXTargetDependency */ = {
			isa = PBXTargetDependency;
			target = 758F8AC31FA390CE00E04649 /* MyCardBook */;
			targetProxy = 758F8ADC1FA390CE00E04649 /* PBXContainerItemProxy */;
		};
		758F8AE81FA390CE00E04649 /* PBXTargetDependency */ = {
			isa = PBXTargetDependency;
			target = 758F8AC31FA390CE00E04649 /* MyCardBook */;
			targetProxy = 758F8AE71FA390CE00E04649 /* PBXContainerItemProxy */;
		};
/* End PBXTargetDependency section */

/* Begin PBXVariantGroup section */
		758F8ACB1FA390CE00E04649 /* Main.storyboard */ = {
			isa = PBXVariantGroup;
			children = (
				758F8ACC1FA390CE00E04649 /* Base */,
			);
			name = Main.storyboard;
			sourceTree = "<group>";
		};
		758F8AD31FA390CE00E04649 /* LaunchScreen.storyboard */ = {
			isa = PBXVariantGroup;
			children = (
				758F8AD41FA390CE00E04649 /* Base */,
			);
			name = LaunchScreen.storyboard;
			sourceTree = "<group>";
		};
/* End PBXVariantGroup section */

/* Begin XCBuildConfiguration section */
		758F8AED1FA390CE00E04649 /* Debug */ = {
			isa = XCBuildConfiguration;
			buildSettings = {
				ALWAYS_SEARCH_USER_PATHS = NO;
				CLANG_ANALYZER_NONNULL = YES;
				CLANG_ANALYZER_NUMBER_OBJECT_CONVERSION = YES_AGGRESSIVE;
				CLANG_CXX_LANGUAGE_STANDARD = "gnu++14";
				CLANG_CXX_LIBRARY = "libc++";
				CLANG_ENABLE_MODULES = YES;
				CLANG_ENABLE_OBJC_ARC = YES;
				CLANG_WARN_BLOCK_CAPTURE_AUTORELEASING = YES;
				CLANG_WARN_BOOL_CONVERSION = YES;
				CLANG_WARN_COMMA = YES;
				CLANG_WARN_CONSTANT_CONVERSION = YES;
				CLANG_WARN_DIRECT_OBJC_ISA_USAGE = YES_ERROR;
				CLANG_WARN_DOCUMENTATION_COMMENTS = YES;
				CLANG_WARN_EMPTY_BODY = YES;
				CLANG_WARN_ENUM_CONVERSION = YES;
				CLANG_WARN_INFINITE_RECURSION = YES;
				CLANG_WARN_INT_CONVERSION = YES;
				CLANG_WARN_NON_LITERAL_NULL_CONVERSION = YES;
				CLANG_WARN_OBJC_LITERAL_CONVERSION = YES;
				CLANG_WARN_OBJC_ROOT_CLASS = YES_ERROR;
				CLANG_WARN_RANGE_LOOP_ANALYSIS = YES;
				CLANG_WARN_STRICT_PROTOTYPES = YES;
				CLANG_WARN_SUSPICIOUS_MOVE = YES;
				CLANG_WARN_UNGUARDED_AVAILABILITY = YES_AGGRESSIVE;
				CLANG_WARN_UNREACHABLE_CODE = YES;
				CLANG_WARN__DUPLICATE_METHOD_MATCH = YES;
				CODE_SIGN_IDENTITY = "iPhone Developer";
				COPY_PHASE_STRIP = NO;
				DEBUG_INFORMATION_FORMAT = dwarf;
				ENABLE_STRICT_OBJC_MSGSEND = YES;
				ENABLE_TESTABILITY = YES;
				GCC_C_LANGUAGE_STANDARD = gnu11;
				GCC_DYNAMIC_NO_PIC = NO;
				GCC_NO_COMMON_BLOCKS = YES;
				GCC_OPTIMIZATION_LEVEL = 0;
				GCC_PREPROCESSOR_DEFINITIONS = (
					"DEBUG=1",
					"$(inherited)",
				);
				GCC_WARN_64_TO_32_BIT_CONVERSION = YES;
				GCC_WARN_ABOUT_RETURN_TYPE = YES_ERROR;
				GCC_WARN_UNDECLARED_SELECTOR = YES;
				GCC_WARN_UNINITIALIZED_AUTOS = YES_AGGRESSIVE;
				GCC_WARN_UNUSED_FUNCTION = YES;
				GCC_WARN_UNUSED_VARIABLE = YES;
				IPHONEOS_DEPLOYMENT_TARGET = 11.0;
				MTL_ENABLE_DEBUG_INFO = YES;
				ONLY_ACTIVE_ARCH = YES;
				SDKROOT = iphoneos;
				SWIFT_ACTIVE_COMPILATION_CONDITIONS = DEBUG;
				SWIFT_OPTIMIZATION_LEVEL = "-Onone";
			};
			name = Debug;
		};
		758F8AEE1FA390CE00E04649 /* Release */ = {
			isa = XCBuildConfiguration;
			buildSettings = {
				ALWAYS_SEARCH_USER_PATHS = NO;
				CLANG_ANALYZER_NONNULL = YES;
				CLANG_ANALYZER_NUMBER_OBJECT_CONVERSION = YES_AGGRESSIVE;
				CLANG_CXX_LANGUAGE_STANDARD = "gnu++14";
				CLANG_CXX_LIBRARY = "libc++";
				CLANG_ENABLE_MODULES = YES;
				CLANG_ENABLE_OBJC_ARC = YES;
				CLANG_WARN_BLOCK_CAPTURE_AUTORELEASING = YES;
				CLANG_WARN_BOOL_CONVERSION = YES;
				CLANG_WARN_COMMA = YES;
				CLANG_WARN_CONSTANT_CONVERSION = YES;
				CLANG_WARN_DIRECT_OBJC_ISA_USAGE = YES_ERROR;
				CLANG_WARN_DOCUMENTATION_COMMENTS = YES;
				CLANG_WARN_EMPTY_BODY = YES;
				CLANG_WARN_ENUM_CONVERSION = YES;
				CLANG_WARN_INFINITE_RECURSION = YES;
				CLANG_WARN_INT_CONVERSION = YES;
				CLANG_WARN_NON_LITERAL_NULL_CONVERSION = YES;
				CLANG_WARN_OBJC_LITERAL_CONVERSION = YES;
				CLANG_WARN_OBJC_ROOT_CLASS = YES_ERROR;
				CLANG_WARN_RANGE_LOOP_ANALYSIS = YES;
				CLANG_WARN_STRICT_PROTOTYPES = YES;
				CLANG_WARN_SUSPICIOUS_MOVE = YES;
				CLANG_WARN_UNGUARDED_AVAILABILITY = YES_AGGRESSIVE;
				CLANG_WARN_UNREACHABLE_CODE = YES;
				CLANG_WARN__DUPLICATE_METHOD_MATCH = YES;
				CODE_SIGN_IDENTITY = "iPhone Developer";
				COPY_PHASE_STRIP = NO;
				DEBUG_INFORMATION_FORMAT = "dwarf-with-dsym";
				ENABLE_NS_ASSERTIONS = NO;
				ENABLE_STRICT_OBJC_MSGSEND = YES;
				GCC_C_LANGUAGE_STANDARD = gnu11;
				GCC_NO_COMMON_BLOCKS = YES;
				GCC_WARN_64_TO_32_BIT_CONVERSION = YES;
				GCC_WARN_ABOUT_RETURN_TYPE = YES_ERROR;
				GCC_WARN_UNDECLARED_SELECTOR = YES;
				GCC_WARN_UNINITIALIZED_AUTOS = YES_AGGRESSIVE;
				GCC_WARN_UNUSED_FUNCTION = YES;
				GCC_WARN_UNUSED_VARIABLE = YES;
				IPHONEOS_DEPLOYMENT_TARGET = 11.0;
				MTL_ENABLE_DEBUG_INFO = NO;
				SDKROOT = iphoneos;
				SWIFT_OPTIMIZATION_LEVEL = "-Owholemodule";
				VALIDATE_PRODUCT = YES;
			};
			name = Release;
		};
		758F8AF01FA390CE00E04649 /* Debug */ = {
			isa = XCBuildConfiguration;
			buildSettings = {
				ASSETCATALOG_COMPILER_APPICON_NAME = AppIcon;
				CODE_SIGN_STYLE = Automatic;
				DEVELOPMENT_TEAM = 5VFNA2836T;
				INFOPLIST_FILE = MyCardBook/Info.plist;
				IPHONEOS_DEPLOYMENT_TARGET = 10.3;
				LD_RUNPATH_SEARCH_PATHS = "$(inherited) @executable_path/Frameworks";
				PRODUCT_BUNDLE_IDENTIFIER = com.YuriiVients.MyCardBook;
				PRODUCT_NAME = "$(TARGET_NAME)";
				SWIFT_VERSION = 4.0;
				TARGETED_DEVICE_FAMILY = "1,2";
			};
			name = Debug;
		};
		758F8AF11FA390CE00E04649 /* Release */ = {
			isa = XCBuildConfiguration;
			buildSettings = {
				ASSETCATALOG_COMPILER_APPICON_NAME = AppIcon;
				CODE_SIGN_STYLE = Automatic;
				DEVELOPMENT_TEAM = 5VFNA2836T;
				INFOPLIST_FILE = MyCardBook/Info.plist;
				IPHONEOS_DEPLOYMENT_TARGET = 10.3;
				LD_RUNPATH_SEARCH_PATHS = "$(inherited) @executable_path/Frameworks";
				PRODUCT_BUNDLE_IDENTIFIER = com.YuriiVients.MyCardBook;
				PRODUCT_NAME = "$(TARGET_NAME)";
				SWIFT_VERSION = 4.0;
				TARGETED_DEVICE_FAMILY = "1,2";
			};
			name = Release;
		};
		758F8AF31FA390CE00E04649 /* Debug */ = {
			isa = XCBuildConfiguration;
			buildSettings = {
				ALWAYS_EMBED_SWIFT_STANDARD_LIBRARIES = YES;
				BUNDLE_LOADER = "$(TEST_HOST)";
				CODE_SIGN_STYLE = Automatic;
				DEVELOPMENT_TEAM = 5VFNA2836T;
				INFOPLIST_FILE = MyCardBookTests/Info.plist;
				LD_RUNPATH_SEARCH_PATHS = "$(inherited) @executable_path/Frameworks @loader_path/Frameworks";
				PRODUCT_BUNDLE_IDENTIFIER = com.YuriiVients.MyCardBookTests;
				PRODUCT_NAME = "$(TARGET_NAME)";
				SWIFT_VERSION = 4.0;
				TARGETED_DEVICE_FAMILY = "1,2";
				TEST_HOST = "$(BUILT_PRODUCTS_DIR)/MyCardBook.app/MyCardBook";
			};
			name = Debug;
		};
		758F8AF41FA390CE00E04649 /* Release */ = {
			isa = XCBuildConfiguration;
			buildSettings = {
				ALWAYS_EMBED_SWIFT_STANDARD_LIBRARIES = YES;
				BUNDLE_LOADER = "$(TEST_HOST)";
				CODE_SIGN_STYLE = Automatic;
				DEVELOPMENT_TEAM = 5VFNA2836T;
				INFOPLIST_FILE = MyCardBookTests/Info.plist;
				LD_RUNPATH_SEARCH_PATHS = "$(inherited) @executable_path/Frameworks @loader_path/Frameworks";
				PRODUCT_BUNDLE_IDENTIFIER = com.YuriiVients.MyCardBookTests;
				PRODUCT_NAME = "$(TARGET_NAME)";
				SWIFT_VERSION = 4.0;
				TARGETED_DEVICE_FAMILY = "1,2";
				TEST_HOST = "$(BUILT_PRODUCTS_DIR)/MyCardBook.app/MyCardBook";
			};
			name = Release;
		};
		758F8AF61FA390CE00E04649 /* Debug */ = {
			isa = XCBuildConfiguration;
			buildSettings = {
				ALWAYS_EMBED_SWIFT_STANDARD_LIBRARIES = YES;
				CODE_SIGN_STYLE = Automatic;
				DEVELOPMENT_TEAM = 5VFNA2836T;
				INFOPLIST_FILE = MyCardBookUITests/Info.plist;
				LD_RUNPATH_SEARCH_PATHS = "$(inherited) @executable_path/Frameworks @loader_path/Frameworks";
				PRODUCT_BUNDLE_IDENTIFIER = com.YuriiVients.MyCardBookUITests;
				PRODUCT_NAME = "$(TARGET_NAME)";
				SWIFT_VERSION = 4.0;
				TARGETED_DEVICE_FAMILY = "1,2";
				TEST_TARGET_NAME = MyCardBook;
			};
			name = Debug;
		};
		758F8AF71FA390CE00E04649 /* Release */ = {
			isa = XCBuildConfiguration;
			buildSettings = {
				ALWAYS_EMBED_SWIFT_STANDARD_LIBRARIES = YES;
				CODE_SIGN_STYLE = Automatic;
				DEVELOPMENT_TEAM = 5VFNA2836T;
				INFOPLIST_FILE = MyCardBookUITests/Info.plist;
				LD_RUNPATH_SEARCH_PATHS = "$(inherited) @executable_path/Frameworks @loader_path/Frameworks";
				PRODUCT_BUNDLE_IDENTIFIER = com.YuriiVients.MyCardBookUITests;
				PRODUCT_NAME = "$(TARGET_NAME)";
				SWIFT_VERSION = 4.0;
				TARGETED_DEVICE_FAMILY = "1,2";
				TEST_TARGET_NAME = MyCardBook;
			};
			name = Release;
		};
/* End XCBuildConfiguration section */

/* Begin XCConfigurationList section */
		758F8ABF1FA390CE00E04649 /* Build configuration list for PBXProject "MyCardBook" */ = {
			isa = XCConfigurationList;
			buildConfigurations = (
				758F8AED1FA390CE00E04649 /* Debug */,
				758F8AEE1FA390CE00E04649 /* Release */,
			);
			defaultConfigurationIsVisible = 0;
			defaultConfigurationName = Release;
		};
		758F8AEF1FA390CE00E04649 /* Build configuration list for PBXNativeTarget "MyCardBook" */ = {
			isa = XCConfigurationList;
			buildConfigurations = (
				758F8AF01FA390CE00E04649 /* Debug */,
				758F8AF11FA390CE00E04649 /* Release */,
			);
			defaultConfigurationIsVisible = 0;
			defaultConfigurationName = Release;
		};
		758F8AF21FA390CE00E04649 /* Build configuration list for PBXNativeTarget "MyCardBookTests" */ = {
			isa = XCConfigurationList;
			buildConfigurations = (
				758F8AF31FA390CE00E04649 /* Debug */,
				758F8AF41FA390CE00E04649 /* Release */,
			);
			defaultConfigurationIsVisible = 0;
			defaultConfigurationName = Release;
		};
		758F8AF51FA390CE00E04649 /* Build configuration list for PBXNativeTarget "MyCardBookUITests" */ = {
			isa = XCConfigurationList;
			buildConfigurations = (
				758F8AF61FA390CE00E04649 /* Debug */,
				758F8AF71FA390CE00E04649 /* Release */,
			);
			defaultConfigurationIsVisible = 0;
			defaultConfigurationName = Release;
		};
/* End XCConfigurationList section */

/* Begin XCVersionGroup section */
		758F8ACE1FA390CE00E04649 /* MyCardBook.xcdatamodeld */ = {
			isa = XCVersionGroup;
			children = (
				758F8ACF1FA390CE00E04649 /* MyCardBook.xcdatamodel */,
			);
			currentVersion = 758F8ACF1FA390CE00E04649 /* MyCardBook.xcdatamodel */;
			path = MyCardBook.xcdatamodeld;
			sourceTree = "<group>";
			versionGroupType = wrapper.xcdatamodel;
		};
/* End XCVersionGroup section */
	};
	rootObject = 758F8ABC1FA390CE00E04649 /* Project object */;
}
